
Microsoft Visual Studio Solution File, Format Version 12.00
# Visual Studio Version 17
VisualStudioVersion = 17.14.36301.6
MinimumVisualStudioVersion = 10.0.40219.1
Project("{FAE04EC0-301F-11D3-BF4B-00C04F79EFBC}") = "Marketplace.API", "Marketplace.API\Marketplace.API.csproj", "{B7D761EB-88B0-40FC-8171-BD0EAB81B88E}"
EndProject
Project("{2150E333-8FDC-42A3-9474-1A3956D46DE8}") = "Models", "Models", "{02EA681E-C7D8-13C7-8484-4AC65E1B71E8}"
	ProjectSection(SolutionItems) = preProject
		Product.cs = Product.cs
		User.cs = User.cs
	EndProjectSection
EndProject
Project("{2150E333-8FDC-42A3-9474-1A3956D46DE8}") = "Data", "Data", "{369CB01D-A1A7-72D2-AABC-3F0945D148A2}"
	ProjectSection(SolutionItems) = preProject
		AppDbContext.cs = AppDbContext.cs
		AppDbContextFactory.cs = AppDbContextFactory.cs
	EndProjectSection
EndProject
Project("{2150E333-8FDC-42A3-9474-1A3956D46DE8}") = "DTOs", "DTOs", "{7DC331D0-3EC4-40A6-69FB-1CBEB2E0D1EA}"
EndProject
Project("{2150E333-8FDC-42A3-9474-1A3956D46DE8}") = "Services", "Services", "{643747C7-0307-8931-84D8-A7D1915E22E5}"
EndProject
Project("{2150E333-8FDC-42A3-9474-1A3956D46DE8}") = "Repositories", "Repositories", "{5835D766-9847-1D08-5E95-5A99FD0F495D}"
EndProject
Project("{2150E333-8FDC-42A3-9474-1A3956D46DE8}") = "Helpers", "Helpers", "{407CAF19-D506-2637-4B8A-F4DE78C81282}"
EndProject
Global
	GlobalSection(SolutionConfigurationPlatforms) = preSolution
		Debug|Any CPU = Debug|Any CPU
		Release|Any CPU = Release|Any CPU
	EndGlobalSection
	GlobalSection(ProjectConfigurationPlatforms) = postSolution
		{B7D761EB-88B0-40FC-8171-BD0EAB81B88E}.Debug|Any CPU.ActiveCfg = Debug|Any CPU
		{B7D761EB-88B0-40FC-8171-BD0EAB81B88E}.Debug|Any CPU.Build.0 = Debug|Any CPU
		{B7D761EB-88B0-40FC-8171-BD0EAB81B88E}.Release|Any CPU.ActiveCfg = Release|Any CPU
		{B7D761EB-88B0-40FC-8171-BD0EAB81B88E}.Release|Any CPU.Build.0 = Release|Any CPU
	EndGlobalSection
	GlobalSection(SolutionProperties) = preSolution
		HideSolutionNode = FALSE
	EndGlobalSection
	GlobalSection(ExtensibilityGlobals) = postSolution
		SolutionGuid = {A8A1ADD9-D618-40FB-86BB-AD553227AAD8}
	EndGlobalSection
EndGlobal
